
Microsoft Visual Studio Solution File, Format Version 12.00
# Visual Studio Version 17
VisualStudioVersion = 17.5.33424.131
MinimumVisualStudioVersion = 10.0.40219.1
Project("{9A19103F-16F7-4668-BE54-9A1E7A4F7556}") = "Bookshop", "Bookshop.csproj", "{EB50CDD6-33AA-4E87-93C4-744AF0FA0760}"
EndProject
Project("{FAE04EC0-301F-11D3-BF4B-00C04F79EFBC}") = "Bookshop.DataAccess", "..\Bookshop.DataAccess\Bookshop.DataAccess.csproj", "{FF3F9C9A-198D-425D-A123-8B29B6AA3D1E}"
EndProject
Project("{FAE04EC0-301F-11D3-BF4B-00C04F79EFBC}") = "Bookshop.Models", "..\Bookshop.Models\Bookshop.Models.csproj", "{CAB0E490-D4F8-4E02-BDB1-0400FCA1C744}"
EndProject
Project("{FAE04EC0-301F-11D3-BF4B-00C04F79EFBC}") = "Bookshop.Utility", "..\Bookshop.Utility\Bookshop.Utility.csproj", "{C6C36819-020C-47F4-A018-CFF0A1A4F409}"
EndProject
Global
	GlobalSection(SolutionConfigurationPlatforms) = preSolution
		Debug|Any CPU = Debug|Any CPU
		Release|Any CPU = Release|Any CPU
	EndGlobalSection
	GlobalSection(ProjectConfigurationPlatforms) = postSolution
		{EB50CDD6-33AA-4E87-93C4-744AF0FA0760}.Debug|Any CPU.ActiveCfg = Debug|Any CPU
		{EB50CDD6-33AA-4E87-93C4-744AF0FA0760}.Debug|Any CPU.Build.0 = Debug|Any CPU
		{EB50CDD6-33AA-4E87-93C4-744AF0FA0760}.Release|Any CPU.ActiveCfg = Release|Any CPU
		{EB50CDD6-33AA-4E87-93C4-744AF0FA0760}.Release|Any CPU.Build.0 = Release|Any CPU
		{FF3F9C9A-198D-425D-A123-8B29B6AA3D1E}.Debug|Any CPU.ActiveCfg = Debug|Any CPU
		{FF3F9C9A-198D-425D-A123-8B29B6AA3D1E}.Debug|Any CPU.Build.0 = Debug|Any CPU
		{FF3F9C9A-198D-425D-A123-8B29B6AA3D1E}.Release|Any CPU.ActiveCfg = Release|Any CPU
		{FF3F9C9A-198D-425D-A123-8B29B6AA3D1E}.Release|Any CPU.Build.0 = Release|Any CPU
		{CAB0E490-D4F8-4E02-BDB1-0400FCA1C744}.Debug|Any CPU.ActiveCfg = Debug|Any CPU
		{CAB0E490-D4F8-4E02-BDB1-0400FCA1C744}.Debug|Any CPU.Build.0 = Debug|Any CPU
		{CAB0E490-D4F8-4E02-BDB1-0400FCA1C744}.Release|Any CPU.ActiveCfg = Release|Any CPU
		{CAB0E490-D4F8-4E02-BDB1-0400FCA1C744}.Release|Any CPU.Build.0 = Release|Any CPU
		{C6C36819-020C-47F4-A018-CFF0A1A4F409}.Debug|Any CPU.ActiveCfg = Debug|Any CPU
		{C6C36819-020C-47F4-A018-CFF0A1A4F409}.Debug|Any CPU.Build.0 = Debug|Any CPU
		{C6C36819-020C-47F4-A018-CFF0A1A4F409}.Release|Any CPU.ActiveCfg = Release|Any CPU
		{C6C36819-020C-47F4-A018-CFF0A1A4F409}.Release|Any CPU.Build.0 = Release|Any CPU
	EndGlobalSection
	GlobalSection(SolutionProperties) = preSolution
		HideSolutionNode = FALSE
	EndGlobalSection
	GlobalSection(ExtensibilityGlobals) = postSolution
		SolutionGuid = {CBE7B231-8339-4CB3-A346-67292C7AE454}
	EndGlobalSection
EndGlobal
